# This file is autogenerated, do not edit; changes may be undone by the next 'dep ensure'.


[[projects]]
  name = "bitbucket.org/spotlightdatateam/hcc_nmo_go"
  packages = ["."]
  revision = "280864c9ea8dcb6236105005b5f3ed0a49452bc3"
  version = "1.4.2"

[[projects]]
  name = "bitbucket.org/spotlightdatateam/lsqlib"
  packages = ["."]
  revision = "cabbd7642a55a5fdfc44d91fc90db29ebf45b554"
  version = "1.5.1"

[[projects]]
  name = "github.com/go-ini/ini"
  packages = ["."]
  revision = "20b96f641a5ea98f2f8619ff4f3e061cff4833bd"
  version = "v1.28.2"

[[projects]]
  name = "github.com/google/uuid"
  packages = ["."]
  revision = "064e2069ce9c359c118179501254f67d7d37ba24"
  version = "0.2"

[[projects]]
  name = "github.com/michaelklishin/rabbit-hole"
  packages = ["."]
  revision = "c5c30aa7b85409c68b9ba3f81dab4f24117dab85"
  version = "v1.3.0"

[[projects]]
  branch = "master"
  name = "github.com/minio/go-homedir"
  packages = ["."]
  revision = "21304a94172ae3a09dee2cd86a12fb6f842138c7"

[[projects]]
  name = "github.com/minio/minio-go"
  packages = [".","pkg/credentials","pkg/encrypt","pkg/policy","pkg/s3signer","pkg/s3utils","pkg/set"]
  revision = "84539d76271caeffb7a1d5f058bd83c6449f8145"
  version = "v3.0.2"

[[projects]]
  name = "github.com/patrickmn/go-cache"
  packages = ["."]
  revision = "1881a9bccb818787f68c52bfba648c6cf34c34fa"
  version = "v2.0.0"

[[projects]]
  name = "github.com/pkg/errors"
  packages = ["."]
  revision = "645ef00459ed84a119197bfb8d8205042c6df63d"
  version = "v0.8.0"

[[projects]]
  branch = "master"
  name = "github.com/pquerna/ffjson"
  packages = ["fflib/v1","fflib/v1/internal"]
  revision = "9a5203b7a07166f217f5f8177d5b16177acad3b2"

[[projects]]
  name = "github.com/sirupsen/logrus"
  packages = ["."]
  revision = "f006c2ac4710855cf0f916dd6b77acf6b048dc6e"
  version = "v1.0.3"

[[projects]]
  branch = "master"
  name = "github.com/streadway/amqp"
  packages = ["."]
  revision = "2cbfe40c9341ad63ba23e53013b3ddc7989d801c"

[[projects]]
  name = "go.uber.org/atomic"
  packages = ["."]
  revision = "4e336646b2ef9fc6e47be8e21594178f98e5ebcf"
  version = "v1.2.0"

[[projects]]
  name = "go.uber.org/multierr"
  packages = ["."]
  revision = "3c4937480c32f4c13a875a1829af76c98ca3d40a"
  version = "v1.1.0"

[[projects]]
  name = "go.uber.org/zap"
  packages = [".","buffer","internal/bufferpool","internal/color","internal/exit","zapcore"]
  revision = "3216c4c73e8ebbafff73c456dd27143f4a7c1f94"
  version = "v1.6.0"

[[projects]]
  branch = "master"
  name = "golang.org/x/crypto"
  packages = ["ssh/terminal"]
  revision = "81e90905daefcd6fd217b62423c0908922eadb30"

[[projects]]
  branch = "master"
  name = "golang.org/x/sys"
  packages = ["unix","windows"]
  revision = "7ddbeae9ae08c6a06a59597f0c9edbc5ff2444ce"

[solve-meta]
  analyzer-name = "dep"
  analyzer-version = 1
  inputs-digest = "4b1915875707a83a7d5350bbf96054536e3a2736db9349aa6204bbfdfe59f3fd"
  solver-name = "gps-cdcl"
  solver-version = 1
