# This file is autogenerated, do not edit; changes may be undone by the next 'dep ensure'.


[[projects]]
  name = "bitbucket.org/spotlightdatateam/hcc_lightstream_monitor"
  packages = ["client","shared"]
  revision = "0e50292048992ea2014054470170c9c116707abb"
  version = "1.7.12"

[[projects]]
  name = "bitbucket.org/spotlightdatateam/hcc_nmo_go"
  packages = ["."]
  revision = "0716d8c1e30e26709b840ee61089289429f9c074"
  version = "1.4.7"

[[projects]]
  name = "bitbucket.org/spotlightdatateam/lsqlib"
  packages = ["."]
  revision = "fb7943abbccfb1386c17a2bd5d69b41be36a0bac"
  version = "1.7.1"

[[projects]]
  branch = "master"
  name = "github.com/dustin/go-humanize"
  packages = ["."]
  revision = "79e699ccd02f240a1f1fbbdcee7e64c1c12e41aa"

[[projects]]
  name = "github.com/go-ini/ini"
  packages = ["."]
  revision = "20b96f641a5ea98f2f8619ff4f3e061cff4833bd"
  version = "v1.28.2"

[[projects]]
  name = "github.com/google/uuid"
  packages = ["."]
  revision = "064e2069ce9c359c118179501254f67d7d37ba24"
  version = "0.2"

[[projects]]
  name = "github.com/michaelklishin/rabbit-hole"
  packages = ["."]
  revision = "751d8f6874248f7243698c6f8377983879d744e9"
  version = "v1.4.0"

[[projects]]
  branch = "master"
  name = "github.com/minio/go-homedir"
  packages = ["."]
  revision = "21304a94172ae3a09dee2cd86a12fb6f842138c7"

[[projects]]
  name = "github.com/minio/minio-go"
  packages = [".","pkg/credentials","pkg/encrypt","pkg/policy","pkg/s3signer","pkg/s3utils","pkg/set"]
  revision = "4e0f567303d4cc90ceb055a451959fb9fc391fb9"
  version = "3.0.3"

[[projects]]
  name = "github.com/patrickmn/go-cache"
  packages = ["."]
  revision = "1881a9bccb818787f68c52bfba648c6cf34c34fa"
  version = "v2.0.0"

[[projects]]
  name = "github.com/pkg/errors"
  packages = ["."]
  revision = "645ef00459ed84a119197bfb8d8205042c6df63d"
  version = "v0.8.0"

[[projects]]
  branch = "master"
  name = "github.com/pquerna/ffjson"
  packages = ["fflib/v1","fflib/v1/internal"]
  revision = "9a5203b7a07166f217f5f8177d5b16177acad3b2"

[[projects]]
  name = "github.com/sirupsen/logrus"
  packages = ["."]
  revision = "f006c2ac4710855cf0f916dd6b77acf6b048dc6e"
  version = "v1.0.3"

[[projects]]
  branch = "master"
  name = "github.com/streadway/amqp"
  packages = ["."]
  revision = "2cbfe40c9341ad63ba23e53013b3ddc7989d801c"

[[projects]]
  name = "go.uber.org/atomic"
  packages = ["."]
  revision = "4e336646b2ef9fc6e47be8e21594178f98e5ebcf"
  version = "v1.2.0"

[[projects]]
  name = "go.uber.org/multierr"
  packages = ["."]
  revision = "3c4937480c32f4c13a875a1829af76c98ca3d40a"
  version = "v1.1.0"

[[projects]]
  name = "go.uber.org/zap"
  packages = [".","buffer","internal/bufferpool","internal/color","internal/exit","zapcore"]
  revision = "7a9ca91fa627ed52c7ff4fcc95cd044dc2c82a51"
  version = "v1.7.0"

[[projects]]
  branch = "master"
  name = "golang.org/x/crypto"
  packages = ["ssh/terminal"]
  revision = "7d9177d70076375b9a59c8fde23d52d9c4a7ecd5"

[[projects]]
  branch = "master"
  name = "golang.org/x/net"
  packages = ["idna","publicsuffix"]
  revision = "0744d001aa8470aaa53df28d32e5ceeb8af9bd70"

[[projects]]
  branch = "master"
  name = "golang.org/x/sys"
  packages = ["unix","windows"]
  revision = "429f518978ab01db8bb6f44b66785088e7fba58b"

[[projects]]
  branch = "master"
  name = "golang.org/x/text"
  packages = ["collate","collate/build","internal/colltab","internal/gen","internal/tag","internal/triegen","internal/ucd","language","secure/bidirule","transform","unicode/bidi","unicode/cldr","unicode/norm","unicode/rangetable"]
  revision = "1cbadb444a806fd9430d14ad08967ed91da4fa0a"

[[projects]]
  name = "gopkg.in/resty.v0"
  packages = ["."]
  revision = "cf81ed0a604d373be63b4c036c6b05c06520615f"
  version = "v0.13"

[solve-meta]
  analyzer-name = "dep"
  analyzer-version = 1
  inputs-digest = "1538afa880a34a33d22782e7a87a7415959e328566d053b3ad06de4e93fdf5ae"
  solver-name = "gps-cdcl"
  solver-version = 1
